<?xml version="1.0" encoding="utf-8"?>
<Project ToolsVersion="4.0" xmlns="http://schemas.microsoft.com/developer/msbuild/2003">
  <ItemGroup>
    <Filter Include="inc">
      <UniqueIdentifier>{16a6740a-c8a4-448e-816d-eeeaab546b6b}</UniqueIdentifier>
    </Filter>
    <Filter Include="src">
      <UniqueIdentifier>{d846e344-2eb7-430d-b44c-b8702457fbd9}</UniqueIdentifier>
    </Filter>
  </ItemGroup>
  <ItemGroup>
    <ClInclude Include="..\..\dimanche\io\file.h" />
    <ClInclude Include="..\..\dimanche\io\console.h" />
  </ItemGroup>
  <ItemGroup>
    <ClCompile Include="..\..\dimanche\io\src\io.file.cpp">
      <Filter>src</Filter>
    </ClCompile>
    <ClCompile Include="..\..\dimanche\io\src\io.console.cpp">
      <Filter>src</Filter>
    </ClCompile>
  </ItemGroup>
</Project>