<?xml version="1.0" encoding="utf-8"?>
<Project ToolsVersion="4.0" xmlns="http://schemas.microsoft.com/developer/msbuild/2003">
  <ItemGroup>
    <Filter Include="inc">
      <UniqueIdentifier>{08c912a7-d37f-47d9-9202-644169f245d0}</UniqueIdentifier>
    </Filter>
    <Filter Include="src">
      <UniqueIdentifier>{72d98214-8400-4974-a299-e99510d9e447}</UniqueIdentifier>
    </Filter>
  </ItemGroup>
  <ItemGroup>
    <ClCompile Include="..\..\dimanche\splitters\src\ivf.cpp">
      <Filter>src</Filter>
    </ClCompile>
    <ClCompile Include="..\..\dimanche\splitters\src\splitters.cpp">
      <Filter>src</Filter>
    </ClCompile>
    <ClCompile Include="..\..\dimanche\splitters\src\file.cpp">
      <Filter>src</Filter>
    </ClCompile>
  </ItemGroup>
  <ItemGroup>
    <ClInclude Include="..\..\dimanche\splitters\splitters.h" />
    <ClInclude Include="..\..\dimanche\splitters\inc\ivf.h">
      <Filter>inc</Filter>
    </ClInclude>
    <ClInclude Include="..\..\dimanche\splitters\inc\file.h">
      <Filter>inc</Filter>
    </ClInclude>
  </ItemGroup>
</Project>